
Microsoft Visual Studio Solution File, Format Version 12.00
# Visual Studio 2012
Project("{FAE04EC0-301F-11D3-BF4B-00C04F79EFBC}") = "CodeSearchDemo", "CodeSearchDemo\CodeSearchDemo.csproj", "{6A704C0A-C0D3-4A65-AF6D-8273EEEC074C}"
EndProject
Global
	GlobalSection(SolutionConfigurationPlatforms) = preSolution
		Debug|Any CPU = Debug|Any CPU
		Release|Any CPU = Release|Any CPU
	EndGlobalSection
	GlobalSection(ProjectConfigurationPlatforms) = postSolution
		{6A704C0A-C0D3-4A65-AF6D-8273EEEC074C}.Debug|Any CPU.ActiveCfg = Debug|Any CPU
		{6A704C0A-C0D3-4A65-AF6D-8273EEEC074C}.Debug|Any CPU.Build.0 = Debug|Any CPU
		{6A704C0A-C0D3-4A65-AF6D-8273EEEC074C}.Release|Any CPU.ActiveCfg = Release|Any CPU
		{6A704C0A-C0D3-4A65-AF6D-8273EEEC074C}.Release|Any CPU.Build.0 = Release|Any CPU
	EndGlobalSection
	GlobalSection(SolutionProperties) = preSolution
		HideSolutionNode = FALSE
	EndGlobalSection
	GlobalSection(Performance) = preSolution
		HasPerformanceSessions = true
	EndGlobalSection
EndGlobal
